
Microsoft Visual Studio Solution File, Format Version 12.00
# Visual Studio 15
VisualStudioVersion = 15.0.35213.121
MinimumVisualStudioVersion = 10.0.40219.1
Project("{FAE04EC0-301F-11D3-BF4B-00C04F79EFBC}") = "4.hafta_5.Soru_Kütüphane", "4.hafta_5.Soru_Kütüphane\4.hafta_5.Soru_Kütüphane.csproj", "{D967AC9A-E5BE-44D5-BAA1-0B4856AF4447}"
EndProject
Global
	GlobalSection(SolutionConfigurationPlatforms) = preSolution
		Debug|Any CPU = Debug|Any CPU
		Release|Any CPU = Release|Any CPU
	EndGlobalSection
	GlobalSection(ProjectConfigurationPlatforms) = postSolution
		{D967AC9A-E5BE-44D5-BAA1-0B4856AF4447}.Debug|Any CPU.ActiveCfg = Debug|Any CPU
		{D967AC9A-E5BE-44D5-BAA1-0B4856AF4447}.Debug|Any CPU.Build.0 = Debug|Any CPU
		{D967AC9A-E5BE-44D5-BAA1-0B4856AF4447}.Release|Any CPU.ActiveCfg = Release|Any CPU
		{D967AC9A-E5BE-44D5-BAA1-0B4856AF4447}.Release|Any CPU.Build.0 = Release|Any CPU
	EndGlobalSection
	GlobalSection(SolutionProperties) = preSolution
		HideSolutionNode = FALSE
	EndGlobalSection
	GlobalSection(ExtensibilityGlobals) = postSolution
		SolutionGuid = {981A14D0-B643-4226-AE94-6BA61CDA60E9}
	EndGlobalSection
EndGlobal
