
Microsoft Visual Studio Solution File, Format Version 12.00
# Visual Studio 15
VisualStudioVersion = 15.0.35213.121
MinimumVisualStudioVersion = 10.0.40219.1
Project("{FAE04EC0-301F-11D3-BF4B-00C04F79EFBC}") = "4.hafta_4.Soru_AdresSinifi", "4.hafta_4.Soru_AdresSinifi\4.hafta_4.Soru_AdresSinifi.csproj", "{8988635A-D70A-4CA4-AF93-5489B138F570}"
EndProject
Global
	GlobalSection(SolutionConfigurationPlatforms) = preSolution
		Debug|Any CPU = Debug|Any CPU
		Release|Any CPU = Release|Any CPU
	EndGlobalSection
	GlobalSection(ProjectConfigurationPlatforms) = postSolution
		{8988635A-D70A-4CA4-AF93-5489B138F570}.Debug|Any CPU.ActiveCfg = Debug|Any CPU
		{8988635A-D70A-4CA4-AF93-5489B138F570}.Debug|Any CPU.Build.0 = Debug|Any CPU
		{8988635A-D70A-4CA4-AF93-5489B138F570}.Release|Any CPU.ActiveCfg = Release|Any CPU
		{8988635A-D70A-4CA4-AF93-5489B138F570}.Release|Any CPU.Build.0 = Release|Any CPU
	EndGlobalSection
	GlobalSection(SolutionProperties) = preSolution
		HideSolutionNode = FALSE
	EndGlobalSection
	GlobalSection(ExtensibilityGlobals) = postSolution
		SolutionGuid = {1F7246EB-52B6-4B0F-9AEF-AFA3DAA5D8A4}
	EndGlobalSection
EndGlobal
